
Microsoft Visual Studio Solution File, Format Version 12.00
# Visual Studio Version 17
VisualStudioVersion = 17.4.33122.133
MinimumVisualStudioVersion = 10.0.40219.1
Project("{FAE04EC0-301F-11D3-BF4B-00C04F79EFBC}") = "Portfolio", "Portfolio\Portfolio.csproj", "{21037E04-3AAD-470C-BE1F-7C2802605A3D}"
EndProject
Global
	GlobalSection(SolutionConfigurationPlatforms) = preSolution
		Debug|Any CPU = Debug|Any CPU
		Release|Any CPU = Release|Any CPU
	EndGlobalSection
	GlobalSection(ProjectConfigurationPlatforms) = postSolution
		{21037E04-3AAD-470C-BE1F-7C2802605A3D}.Debug|Any CPU.ActiveCfg = Debug|Any CPU
		{21037E04-3AAD-470C-BE1F-7C2802605A3D}.Debug|Any CPU.Build.0 = Debug|Any CPU
		{21037E04-3AAD-470C-BE1F-7C2802605A3D}.Release|Any CPU.ActiveCfg = Release|Any CPU
		{21037E04-3AAD-470C-BE1F-7C2802605A3D}.Release|Any CPU.Build.0 = Release|Any CPU
	EndGlobalSection
	GlobalSection(SolutionProperties) = preSolution
		HideSolutionNode = FALSE
	EndGlobalSection
	GlobalSection(ExtensibilityGlobals) = postSolution
		SolutionGuid = {14730FCA-ED3E-47EA-95D3-06580A6A8E2C}
	EndGlobalSection
EndGlobal
